<?xml version="1.0" encoding="utf-8"?>
<Project ToolsVersion="4.0" xmlns="http://schemas.microsoft.com/developer/msbuild/2003">
  <ItemGroup>
    <Filter Include="소스 파일">
      <UniqueIdentifier>{4FC737F1-C7A5-4376-A066-2A32D752A2FF}</UniqueIdentifier>
      <Extensions>cpp;c;cc;cxx;def;odl;idl;hpj;bat;asm;asmx</Extensions>
    </Filter>
    <Filter Include="헤더 파일">
      <UniqueIdentifier>{93995380-89BD-4b04-88EB-625FBE52EBFB}</UniqueIdentifier>
      <Extensions>h;hh;hpp;hxx;hm;inl;inc;ipp;xsd</Extensions>
    </Filter>
    <Filter Include="리소스 파일">
      <UniqueIdentifier>{67DA6AB6-F800-4c08-8B7A-83BB121AAD01}</UniqueIdentifier>
      <Extensions>rc;ico;cur;bmp;dlg;rc2;rct;bin;rgs;gif;jpg;jpeg;jpe;resx;tiff;tif;png;wav;mfcribbon-ms</Extensions>
    </Filter>
    <Filter Include="소스 파일\Shaders">
      <UniqueIdentifier>{2c716d0e-3ee8-4eaf-8f92-166fd2d7fcf6}</UniqueIdentifier>
    </Filter>
    <Filter Include="소스 파일\Shaders\hlsl">
      <UniqueIdentifier>{d606dbed-aa47-4293-9020-75db9d3fcf13}</UniqueIdentifier>
    </Filter>
    <Filter Include="헤더 파일\Framework">
      <UniqueIdentifier>{18ef331f-f0c9-4410-842e-e9455f4b7364}</UniqueIdentifier>
    </Filter>
    <Filter Include="소스 파일\Framework">
      <UniqueIdentifier>{c507d921-655a-4239-adf2-3bda5206de9f}</UniqueIdentifier>
    </Filter>
    <Filter Include="헤더 파일\Framework\DDSTextureLoader">
      <UniqueIdentifier>{c094f5e2-d8ab-47c9-a3b4-e696df8f6045}</UniqueIdentifier>
    </Filter>
    <Filter Include="소스 파일\Framework\DDSTextureLoader">
      <UniqueIdentifier>{d834bea5-dbe9-45eb-a15c-465b73324acd}</UniqueIdentifier>
    </Filter>
    <Filter Include="헤더 파일\Objects">
      <UniqueIdentifier>{f5be8bdf-fcb3-4eae-834e-8c130d16f01a}</UniqueIdentifier>
    </Filter>
    <Filter Include="소스 파일\Objects">
      <UniqueIdentifier>{91cbdcfe-3e92-4835-b2cc-5f1d24063922}</UniqueIdentifier>
    </Filter>
    <Filter Include="헤더 파일\Shaders">
      <UniqueIdentifier>{043e5e75-bba1-41ee-8c2e-b1a77a989638}</UniqueIdentifier>
    </Filter>
    <Filter Include="소스 파일\Util">
      <UniqueIdentifier>{fe409d82-8dac-40f9-9a36-1b6b4fbc68e4}</UniqueIdentifier>
    </Filter>
    <Filter Include="헤더 파일\Util">
      <UniqueIdentifier>{8a90edaf-7573-4dbf-aa39-64115b14f204}</UniqueIdentifier>
    </Filter>
  </ItemGroup>
  <ItemGroup>
    <ClInclude Include="Source\Framework\Framework.h">
      <Filter>헤더 파일\Framework</Filter>
    </ClInclude>
    <ClInclude Include="Source\Framework\Scene.h">
      <Filter>헤더 파일\Framework</Filter>
    </ClInclude>
    <ClInclude Include="stdafx.h">
      <Filter>헤더 파일\Framework</Filter>
    </ClInclude>
    <ClInclude Include="Source\DDSTextureLoader\DDSTextureLoader.h">
      <Filter>헤더 파일\Framework\DDSTextureLoader</Filter>
    </ClInclude>
    <ClInclude Include="Source\DDSTextureLoader\DDSTextureLoader12.h">
      <Filter>헤더 파일\Framework\DDSTextureLoader</Filter>
    </ClInclude>
    <ClInclude Include="targetver.h">
      <Filter>헤더 파일\Framework</Filter>
    </ClInclude>
    <ClInclude Include="Resource.h">
      <Filter>헤더 파일\Framework</Filter>
    </ClInclude>
    <ClInclude Include="DirectX12 Personal Project.h">
      <Filter>헤더 파일\Framework</Filter>
    </ClInclude>
    <ClInclude Include="Source\Objects\Camera.h">
      <Filter>헤더 파일\Objects</Filter>
    </ClInclude>
    <ClInclude Include="Source\Objects\Mesh.h">
      <Filter>헤더 파일\Objects</Filter>
    </ClInclude>
    <ClInclude Include="Source\Objects\Objects.h">
      <Filter>헤더 파일\Objects</Filter>
    </ClInclude>
    <ClInclude Include="Source\Objects\Texture.h">
      <Filter>헤더 파일\Objects</Filter>
    </ClInclude>
    <ClInclude Include="Source\Shaders\DeferredRenderShader.h">
      <Filter>헤더 파일\Shaders</Filter>
    </ClInclude>
    <ClInclude Include="Source\Shaders\GraphicsObjectsShader.h">
      <Filter>헤더 파일\Shaders</Filter>
    </ClInclude>
    <ClInclude Include="Source\Shaders\PipelineObject.h">
      <Filter>헤더 파일\Shaders</Filter>
    </ClInclude>
    <ClInclude Include="Source\Util\TextureManager.h">
      <Filter>헤더 파일\Util</Filter>
    </ClInclude>
    <ClInclude Include="Source\Util\CompiledShader.h">
      <Filter>헤더 파일\Util</Filter>
    </ClInclude>
    <ClInclude Include="Source\Util\D3DDescriptorFactory.h">
      <Filter>헤더 파일\Util</Filter>
    </ClInclude>
    <ClInclude Include="Source\Util\D3DUtil.h">
      <Filter>헤더 파일\Util</Filter>
    </ClInclude>
    <ClInclude Include="Source\Util\MathUtil.h">
      <Filter>헤더 파일\Util</Filter>
    </ClInclude>
    <ClInclude Include="Source\Util\MeshManager.h">
      <Filter>헤더 파일\Util</Filter>
    </ClInclude>
    <ClInclude Include="Source\Framework\d3dx12.h">
      <Filter>헤더 파일\Framework</Filter>
    </ClInclude>
    <ClInclude Include="Light.h">
      <Filter>헤더 파일</Filter>
    </ClInclude>
    <ClInclude Include="Source\Util\Structures.h">
      <Filter>헤더 파일\Util</Filter>
    </ClInclude>
    <ClInclude Include="LightManager.h">
      <Filter>헤더 파일\Util</Filter>
    </ClInclude>
    <ClInclude Include="PipelineStateManager.h">
      <Filter>헤더 파일\Util</Filter>
    </ClInclude>
    <ClInclude Include="ComputeObjectShader.h">
      <Filter>헤더 파일</Filter>
    </ClInclude>
  </ItemGroup>
  <ItemGroup>
    <ClCompile Include="Source\DDSTextureLoader\DDSTextureLoader.cpp">
      <Filter>소스 파일\Framework\DDSTextureLoader</Filter>
    </ClCompile>
    <ClCompile Include="Source\DDSTextureLoader\DDSTextureLoader12.cpp">
      <Filter>소스 파일\Framework\DDSTextureLoader</Filter>
    </ClCompile>
    <ClCompile Include="Source\Framework\Framework.cpp">
      <Filter>소스 파일\Framework</Filter>
    </ClCompile>
    <ClCompile Include="Source\Framework\Scene.cpp">
      <Filter>소스 파일\Framework</Filter>
    </ClCompile>
    <ClCompile Include="stdafx.cpp">
      <Filter>소스 파일\Framework</Filter>
    </ClCompile>
    <ClCompile Include="DirectX12 Personal Project.cpp">
      <Filter>소스 파일\Framework</Filter>
    </ClCompile>
    <ClCompile Include="Source\Objects\Camera.cpp">
      <Filter>소스 파일\Objects</Filter>
    </ClCompile>
    <ClCompile Include="Source\Objects\Mesh.cpp">
      <Filter>소스 파일\Objects</Filter>
    </ClCompile>
    <ClCompile Include="Source\Objects\Objects.cpp">
      <Filter>소스 파일\Objects</Filter>
    </ClCompile>
    <ClCompile Include="Source\Objects\Texture.cpp">
      <Filter>소스 파일\Objects</Filter>
    </ClCompile>
    <ClCompile Include="Source\Shaders\PipelineObject.cpp">
      <Filter>소스 파일\Shaders</Filter>
    </ClCompile>
    <ClCompile Include="Source\Shaders\DeferredRenderShader.cpp">
      <Filter>소스 파일\Shaders</Filter>
    </ClCompile>
    <ClCompile Include="Source\Shaders\GraphicsObjectsShader.cpp">
      <Filter>소스 파일\Shaders</Filter>
    </ClCompile>
    <ClCompile Include="Source\Util\CompiledShader.cpp">
      <Filter>소스 파일\Util</Filter>
    </ClCompile>
    <ClCompile Include="Source\Util\D3DDescriptorFactory.cpp">
      <Filter>소스 파일\Util</Filter>
    </ClCompile>
    <ClCompile Include="Source\Util\D3DUtil.cpp">
      <Filter>소스 파일\Util</Filter>
    </ClCompile>
    <ClCompile Include="Source\Util\MathUtil.cpp">
      <Filter>소스 파일\Util</Filter>
    </ClCompile>
    <ClCompile Include="Source\Util\MeshManager.cpp">
      <Filter>소스 파일\Util</Filter>
    </ClCompile>
    <ClCompile Include="Source\Util\TextureManager.cpp">
      <Filter>소스 파일\Util</Filter>
    </ClCompile>
    <ClCompile Include="Light.cpp">
      <Filter>소스 파일</Filter>
    </ClCompile>
    <ClCompile Include="PipelineStateManager.cpp">
      <Filter>소스 파일\Util</Filter>
    </ClCompile>
    <ClCompile Include="LightManager.cpp">
      <Filter>소스 파일\Util</Filter>
    </ClCompile>
    <ClCompile Include="ComputeObjectShader.cpp">
      <Filter>소스 파일</Filter>
    </ClCompile>
  </ItemGroup>
  <ItemGroup>
    <ResourceCompile Include="DirectX12 Personal Project.rc">
      <Filter>리소스 파일</Filter>
    </ResourceCompile>
  </ItemGroup>
  <ItemGroup>
    <Image Include="small.ico">
      <Filter>리소스 파일</Filter>
    </Image>
    <Image Include="DirectX12 Personal Project.ico">
      <Filter>리소스 파일</Filter>
    </Image>
  </ItemGroup>
  <ItemGroup>
    <FxCompile Include="hlsl\DefaultShader.hlsl">
      <Filter>소스 파일\Shaders\hlsl</Filter>
    </FxCompile>
    <FxCompile Include="hlsl\NormalMap.hlsl">
      <Filter>소스 파일\Shaders\hlsl</Filter>
    </FxCompile>
    <FxCompile Include="hlsl\Light.hlsl">
      <Filter>소스 파일\Shaders\hlsl</Filter>
    </FxCompile>
    <FxCompile Include="hlsl\Shadow.hlsl">
      <Filter>소스 파일\Shaders\hlsl</Filter>
    </FxCompile>
    <FxCompile Include="hlsl\ShaderResource.hlsl">
      <Filter>소스 파일\Shaders\hlsl</Filter>
    </FxCompile>
    <FxCompile Include="hlsl\Deferred.hlsl">
      <Filter>소스 파일\Shaders\hlsl</Filter>
    </FxCompile>
    <FxCompile Include="hlsl\Sampler.hlsl">
      <Filter>소스 파일\Shaders\hlsl</Filter>
    </FxCompile>
    <FxCompile Include="hlsl\cbuffer.hlsl">
      <Filter>소스 파일\Shaders\hlsl</Filter>
    </FxCompile>
    <FxCompile Include="hlsl\Mix.hlsl">
      <Filter>소스 파일\Shaders\hlsl</Filter>
    </FxCompile>
  </ItemGroup>
</Project>